{
    "_readme": [
        "This file locks the dependencies of your project to a known state",
        "Read more about it at http://getcomposer.org/doc/01-basic-usage.md#composer-lock-the-lock-file"
    ],
    "hash": "47a8001c618a8711ce2a8263711cdb54",
    "packages": [
        {
            "name": "aws/aws-sdk-php",
            "version": "dev-master",
            "source": {
                "type": "git",
                "url": "https://github.com/aws/aws-sdk-php.git",
                "reference": "74896cc3dab67035052b5c5e4d7e80c7a58889fe"
            },
            "dist": {
                "type": "zip",
                "url": "https://api.github.com/repos/aws/aws-sdk-php/zipball/74896cc3dab67035052b5c5e4d7e80c7a58889fe",
                "reference": "74896cc3dab67035052b5c5e4d7e80c7a58889fe",
                "shasum": ""
            },
            "require": {
                "guzzle/guzzle": ">=3.7.0,<3.9.0",
                "php": ">=5.3.3"
            },
            "require-dev": {
                "doctrine/cache": "~1.0",
                "ext-openssl": "*",
                "monolog/monolog": "1.4.*",
                "phpunit/phpunit": "3.7.*",
                "symfony/class-loader": "2.*",
                "symfony/yaml": "2.*"
            },
            "suggest": {
                "doctrine/cache": "Adds support for caching of credentials and responses",
                "ext-apc": "Allows service description opcode caching, request and response caching, and credentials caching",
                "ext-openssl": "Allows working with CloudFront private distributions and verifying received SNS messages",
                "monolog/monolog": "Adds support for logging HTTP requests and responses",
                "symfony/yaml": "Eases the ability to write manifests for creating jobs in AWS Import/Export"
            },
            "type": "library",
            "extra": {
                "branch-alias": {
                    "dev-master": "2.5.x-dev"
                }
            },
            "autoload": {
                "psr-0": {
                    "Aws": "src/"
                }
            },
            "notification-url": "https://packagist.org/downloads/",
            "license": [
                "Apache-2.0"
            ],
            "authors": [
                {
                    "name": "Amazon Web Services",
                    "homepage": "http://aws.amazon.com"
                }
            ],
            "description": "AWS SDK for PHP - Use Amazon Web Services in your PHP project",
            "homepage": "http://aws.amazon.com/sdkforphp",
            "keywords": [
                "amazon",
                "aws",
                "cloud",
                "dynamodb",
                "ec2",
                "glacier",
                "s3",
                "sdk"
            ],
            "time": "2014-02-19 17:59:07"
        },
        {
            "name": "bcosca/fatfree",
            "version": "dev-master",
            "source": {
                "type": "git",
                "url": "https://github.com/bcosca/fatfree.git",
                "reference": "4c00aa8d5889b29465c8e9337ffdd7737c9b8844"
            },
            "dist": {
                "type": "zip",
                "url": "https://api.github.com/repos/bcosca/fatfree/zipball/4c00aa8d5889b29465c8e9337ffdd7737c9b8844",
                "reference": "4c00aa8d5889b29465c8e9337ffdd7737c9b8844",
                "shasum": ""
            },
            "require": {
                "php": ">=5.3.0"
            },
            "type": "library",
            "notification-url": "https://packagist.org/downloads/",
            "license": [
                "GPL-3.0"
            ],
            "description": "A powerful yet easy-to-use PHP micro-framework designed to help you build dynamic and robust Web applications - fast!",
            "homepage": "http://fatfreeframework.com/",
            "time": "2014-01-08 00:56:31"
        },
        {
            "name": "ddeboer/data-import",
            "version": "0.12.1",
            "source": {
                "type": "git",
                "url": "https://github.com/ddeboer/data-import.git",
                "reference": "48d88bd387e5da282343df5dd15a6c58ed1cf075"
            },
            "dist": {
                "type": "zip",
                "url": "https://api.github.com/repos/ddeboer/data-import/zipball/48d88bd387e5da282343df5dd15a6c58ed1cf075",
                "reference": "48d88bd387e5da282343df5dd15a6c58ed1cf075",
                "shasum": ""
            },
            "require": {
                "php": ">=5.3.0"
            },
            "require-dev": {
                "doctrine/dbal": "*",
                "doctrine/orm": "*",
                "ext-iconv": "*",
                "ext-mbstring": "*",
                "ext-sqlite3": "*",
                "phpoffice/phpexcel": "*",
                "symfony/console": ">=2.2",
                "symfony/property-access": "*",
                "symfony/validator": "~2.3.0"
            },
            "suggest": {
                "doctrine/dbal": "If you want to use the DbalReader",
                "ext-iconv": "For the CharsetValueConverter",
                "ext-mbstring": "For the CharsetValueConverter",
                "phpoffice/phpexcel": "If you want to use the ExcelReader",
                "symfony/console": "If you want to use the ConsoleProgressWriter",
                "symfony/property-access": "If you want to use the ObjectConverter",
                "symfony/validator": "to use the ValidatorFilter"
            },
            "type": "library",
            "autoload": {
                "psr-0": {
                    "Ddeboer\\DataImport": "src"
                }
            },
            "notification-url": "https://packagist.org/downloads/",
            "license": [
                "MIT"
            ],
            "authors": [
                {
                    "name": "David de Boer",
                    "email": "david@ddeboer.nl",
                    "homepage": "http://ddeboer.nl"
                },
                {
                    "name": "The community",
                    "homepage": "https://github.com/ddeboer/data-import/graphs/contributors"
                }
            ],
            "description": "Import data from, and export data to, a range of file formats and media",
            "keywords": [
                "csv",
                "data",
                "doctrine",
                "excel",
                "export",
                "import"
            ],
            "time": "2014-02-07 17:15:53"
        },
        {
            "name": "dioscouri/f3-activity",
            "version": "dev-master",
            "source": {
                "type": "git",
                "url": "git@github.com:dioscouri/f3-activity.git",
                "reference": "826b2db3266ce55369b4a9bb47017fecaa1f05ae"
            },
            "dist": {
                "type": "zip",
                "url": "http://satis-private.dioscouri.com/dist/dioscouri-f3-activity-dev-master-4a44cf.zip",
                "reference": "826b2db3266ce55369b4a9bb47017fecaa1f05ae",
                "shasum": "c5347277bde86b989bee1a6592a86664f03bb9ee"
            },
            "require": {
                "dioscouri/f3-admin": "dev-master",
                "dioscouri/f3-lib": "dev-master",
                "php": ">=5.4.0"
            },
            "type": "component",
            "autoload": {
                "psr-0": {
                    "Activity": "src/"
                }
            },
            "license": [
                "GPL"
            ],
            "authors": [
                {
                    "name": "Chris French",
                    "email": "chris@ammonitenetworks.com",
                    "homepage": "http://ammonitenetworks.com",
                    "role": "Developer"
                }
            ],
            "description": "Activity component for the F3-framework",
            "homepage": "https://github.com/dioscouri/f3-activity",
            "keywords": [
                "F3",
                "RAD",
                "Tracking"
            ],
            "time": "2014-02-11 02:18:01"
        },
        {
            "name": "dioscouri/f3-admin",
            "version": "dev-master",
            "source": {
                "type": "git",
                "url": "git@github.com:dioscouri/f3-admin.git",
                "reference": "057f98abae5a7f24ae94fdc12ec4ed43ff39efd0"
            },
            "dist": {
                "type": "zip",
                "url": "http://satis-private.dioscouri.com/dist/dioscouri-f3-admin-dev-master-ee3ac5.zip",
                "reference": "057f98abae5a7f24ae94fdc12ec4ed43ff39efd0",
                "shasum": "6ebb21b59eef30ce8f909ab4ef814e66e6af4a8d"
            },
            "require": {
                "dioscouri/f3-lib": "dev-master",
                "dioscouri/f3-users": "dev-master",
                "php": ">=5.4.0"
            },
            "type": "component",
            "autoload": {
                "psr-0": {
                    "Admin": "src/"
                }
            },
            "license": [
                "GPL"
            ],
            "authors": [
                {
                    "name": "Rafael Diaz-Tushman",
                    "email": "rdiaztushman@dioscouri.com",
                    "homepage": "http://dioscouri.com",
                    "role": "Developer"
                }
            ],
            "description": "Admin component for the F3-framework",
            "homepage": "https://github.com/dioscouri/f3-admin",
            "keywords": [
                "Admin",
                "CMS",
                "F3",
                "RAD"
            ],
            "time": "2014-02-02 20:23:49"
        },
        {
            "name": "dioscouri/f3-assets",
            "version": "dev-master",
            "source": {
                "type": "git",
                "url": "git@github.com:dioscouri/f3-assets.git",
                "reference": "9cb52c27c30d7465061dfd68fc5211bba59309d4"
            },
            "dist": {
                "type": "zip",
                "url": "http://satis-private.dioscouri.com/dist/dioscouri-f3-assets-dev-master-3400c2.zip",
                "reference": "9cb52c27c30d7465061dfd68fc5211bba59309d4",
                "shasum": "ade4ae0ccea7d549e7e5f62f6603b766001aa035"
            },
            "require": {
                "dioscouri/f3-admin": "dev-master",
                "dioscouri/f3-lib": "dev-master",
                "php": ">=5.4.0"
            },
            "type": "component",
            "autoload": {
                "psr-0": {
                    "Assets": "src/"
                }
            },
            "license": [
                "GPL"
            ],
            "authors": [
                {
                    "name": "Rafael Diaz-Tushman",
                    "email": "rdiaztushman@dioscouri.com",
                    "homepage": "http://dioscouri.com",
                    "role": "Developer"
                }
            ],
            "description": "Assets component for the F3-framework",
            "homepage": "https://github.com/dioscouri/f3-assets",
            "keywords": [
                "F3",
                "Media Asset Manager",
                "RAD"
            ],
            "time": "2014-02-13 03:33:56"
        },
        {
            "name": "dioscouri/f3-blog",
            "version": "dev-master",
            "source": {
                "type": "git",
                "url": "git@github.com:dioscouri/f3-blog.git",
                "reference": "7ef62f86cbbba6e63830436a4861f7ca674bd764"
            },
            "dist": {
                "type": "zip",
                "url": "http://satis-private.dioscouri.com/dist/dioscouri-f3-blog-dev-master-626126.zip",
                "reference": "7ef62f86cbbba6e63830436a4861f7ca674bd764",
                "shasum": "f2a75c5daacf680a79afe4d623ebec83b1a12b2f"
            },
            "require": {
                "dioscouri/f3-admin": "dev-master",
                "dioscouri/f3-lib": "dev-master",
                "php": ">=5.4.0"
            },
            "type": "component",
            "autoload": {
                "psr-0": {
                    "Blog": "src/"
                }
            },
            "license": [
                "GPL"
            ],
            "authors": [
                {
                    "name": "Rafael Diaz-Tushman",
                    "email": "rdiaztushman@dioscouri.com",
                    "homepage": "http://dioscouri.com",
                    "role": "Developer"
                }
            ],
            "description": "Blog component for the F3-framework",
            "homepage": "https://github.com/dioscouri/f3-blog",
            "keywords": [
                "Blog",
                "F3",
                "RAD"
            ],
            "time": "2014-02-13 16:56:27"
        },
        {
            "name": "dioscouri/f3-lib",
            "version": "dev-master",
            "source": {
                "type": "git",
                "url": "https://github.com/dioscouri/f3-lib.git",
                "reference": "d9a991ccdec6210c05598f9cca7549db61592989"
            },
            "dist": {
                "type": "zip",
                "url": "https://api.github.com/repos/dioscouri/f3-lib/zipball/d9a991ccdec6210c05598f9cca7549db61592989",
                "reference": "d9a991ccdec6210c05598f9cca7549db61592989",
                "shasum": ""
            },
            "require": {
                "joomla/framework": ">=1.0",
                "php": ">=5.4.0"
            },
            "type": "library",
            "autoload": {
                "psr-0": {
                    "Dsc": "src/"
                }
            },
            "notification-url": "https://packagist.org/downloads/",
            "license": [
                "GPL"
            ],
            "authors": [
                {
                    "name": "Rafael Diaz-Tushman",
                    "email": "rdiaztushman@dioscouri.com",
                    "homepage": "http://dioscouri.com",
                    "role": "Developer"
                }
            ],
            "description": "Library for the F3-framework",
            "homepage": "https://github.com/dioscouri/f3-lib",
            "keywords": [
                "F3",
                "rad"
            ],
            "time": "2014-02-13 16:55:20"
        },
        {
            "name": "dioscouri/f3-mailer",
            "version": "dev-master",
            "source": {
                "type": "git",
                "url": "git@github.com:dioscouri/f3-mailer.git",
                "reference": "a23582744b200deb2bee0b456a24a85344f71e36"
            },
            "dist": {
                "type": "zip",
                "url": "http://satis-private.dioscouri.com/dist/dioscouri-f3-mailer-dev-master-7f59c9.zip",
                "reference": "a23582744b200deb2bee0b456a24a85344f71e36",
                "shasum": "48d836bfbd9767dc231e7e0f09e5f31dea60ea44"
            },
            "require": {
                "dioscouri/f3-admin": "dev-master",
                "dioscouri/f3-lib": "dev-master",
                "mandrill/mandrill": "dev-master",
                "php": ">=5.4.0"
            },
            "type": "component",
            "autoload": {
                "psr-0": {
                    "Mailer": "src/"
                }
            },
            "license": [
                "GPL"
            ],
            "authors": [
                {
                    "name": "Chris French",
                    "email": "chris@ammonitenetworks.com",
                    "homepage": "http://ammonitenetworks.com",
                    "role": "Developer"
                },
                {
                    "name": "Rafael Diaz-Tushman",
                    "email": "rdiaztushman@dioscouri.com",
                    "homepage": "http://dioscouri.com",
                    "role": "Developer"
                }
            ],
            "description": "A Mandrill Mailer App for F3-framework",
            "homepage": "https://github.com/dioscouri/f3-mailer",
            "keywords": [
                "F3",
                "RAD",
                "email",
                "mandrill"
            ],
            "time": "2014-01-25 15:58:25"
        },
        {
            "name": "dioscouri/f3-minify",
            "version": "dev-master",
            "source": {
                "type": "git",
                "url": "git@github.com:dioscouri/f3-minify.git",
                "reference": "4ac5b72e42ea71b3f81e065bf17368f7946a27ea"
            },
            "dist": {
                "type": "zip",
                "url": "http://satis-private.dioscouri.com/dist/dioscouri-f3-minify-dev-master-95ed97.zip",
                "reference": "4ac5b72e42ea71b3f81e065bf17368f7946a27ea",
                "shasum": "e4ec69a760f49b7e0c0bbe863c4e723447e3fabd"
            },
            "require": {
                "dioscouri/f3-lib": "dev-master",
                "leafo/lessphp": ">=0.4.0",
                "php": ">=5.4.0"
            },
            "type": "component",
            "autoload": {
                "psr-0": {
                    "Minify": "src/"
                }
            },
            "license": [
                "GPL"
            ],
            "authors": [
                {
                    "name": "Rafael Diaz-Tushman",
                    "email": "rdiaztushman@dioscouri.com",
                    "homepage": "http://dioscouri.com",
                    "role": "Developer"
                }
            ],
            "description": "Front-end package manager for the F3-framework",
            "homepage": "https://github.com/dioscouri/f3-minify",
            "keywords": [
                "F3",
                "Package Manager",
                "RAD"
            ],
            "time": "2014-02-12 20:56:27"
        },
        {
            "name": "dioscouri/f3-modules",
            "version": "dev-master",
            "source": {
                "type": "git",
                "url": "git@github.com:dioscouri/f3-modules.git",
                "reference": "6df04f907793469052836151fd43ac8989eb4305"
            },
            "dist": {
                "type": "zip",
                "url": "http://satis-private.dioscouri.com/dist/dioscouri-f3-modules-dev-master-b1bf10.zip",
                "reference": "6df04f907793469052836151fd43ac8989eb4305",
                "shasum": "7c21bfda51bcb3fcd52b9b6cc92d872ae6c639ae"
            },
            "require": {
                "dioscouri/f3-admin": "dev-master",
                "dioscouri/f3-lib": "dev-master",
                "php": ">=5.4.0"
            },
            "type": "component",
            "autoload": {
                "psr-0": {
                    "Modules": "src/"
                }
            },
            "license": [
                "GPL"
            ],
            "authors": [
                {
                    "name": "Rafael Diaz-Tushman",
                    "email": "rdiaztushman@dioscouri.com",
                    "homepage": "http://dioscouri.com",
                    "role": "Developer"
                }
            ],
            "description": "Modules component for the F3-framework",
            "homepage": "https://github.com/dioscouri/f3-modules",
            "keywords": [
                "F3",
                "Module Manager",
                "RAD"
            ],
            "time": "2014-02-13 13:45:25"
        },
        {
            "name": "dioscouri/f3-users",
            "version": "dev-master",
            "source": {
                "type": "git",
                "url": "git@github.com:dioscouri/f3-users.git",
                "reference": "b4f37aa4c146091b04f29ba6651a3156ff6d72e3"
            },
            "dist": {
                "type": "zip",
                "url": "http://satis-private.dioscouri.com/dist/dioscouri-f3-users-dev-master-cd5c96.zip",
                "reference": "b4f37aa4c146091b04f29ba6651a3156ff6d72e3",
                "shasum": "b4820abc6a1af727d3b84ce986abaa5e5dc564f2"
            },
            "require": {
                "dioscouri/f3-admin": "dev-master",
                "dioscouri/f3-lib": "dev-master",
                "php": ">=5.4.0"
            },
            "type": "component",
            "autoload": {
                "psr-0": {
                    "Users": "src/"
                }
            },
            "license": [
                "GPL"
            ],
            "authors": [
                {
                    "name": "Rafael Diaz-Tushman",
                    "email": "rdiaztushman@dioscouri.com",
                    "homepage": "http://dioscouri.com",
                    "role": "Developer"
                }
            ],
            "description": "Simple User component for the F3-framework",
            "homepage": "https://github.com/dioscouri/f3-users",
            "keywords": [
                "F3",
                "RAD",
                "User Management"
            ],
            "time": "2014-02-10 07:36:35"
        },
        {
            "name": "firephp/firephp-core",
            "version": "dev-master",
            "source": {
                "type": "git",
                "url": "https://github.com/firephp/firephp-core.git",
                "reference": "d7de3f4298f731e3cc4e3d02b54dc0e52157c35b"
            },
            "dist": {
                "type": "zip",
                "url": "https://api.github.com/repos/firephp/firephp-core/zipball/d7de3f4298f731e3cc4e3d02b54dc0e52157c35b",
                "reference": "d7de3f4298f731e3cc4e3d02b54dc0e52157c35b",
                "shasum": ""
            },
            "type": "library",
            "autoload": {
                "classmap": [
                    "lib/FirePHPCore/FirePHP.class.php",
                    "lib/FirePHPCore/fb.php"
                ],
                "files": [
                    "lib/FirePHPCore/fb.php"
                ]
            },
            "notification-url": "https://packagist.org/downloads/",
            "license": [
                "MIT"
            ],
            "authors": [
                {
                    "name": "Christoph Dorn",
                    "email": "christoph@christophdorn.com",
                    "homepage": "http://christophdorn.com"
                }
            ],
            "description": "Traditional FirePHPCore library for sending PHP variables to the browser.",
            "homepage": "https://github.com/firephp/firephp-core",
            "time": "2014-02-10 16:53:49"
        },
        {
            "name": "guzzle/guzzle",
            "version": "v3.8.1",
            "source": {
                "type": "git",
                "url": "https://github.com/guzzle/guzzle.git",
                "reference": "4de0618a01b34aa1c8c33a3f13f396dcd3882eba"
            },
            "dist": {
                "type": "zip",
                "url": "https://api.github.com/repos/guzzle/guzzle/zipball/4de0618a01b34aa1c8c33a3f13f396dcd3882eba",
                "reference": "4de0618a01b34aa1c8c33a3f13f396dcd3882eba",
                "shasum": ""
            },
            "require": {
                "ext-curl": "*",
                "php": ">=5.3.3",
                "symfony/event-dispatcher": ">=2.1"
            },
            "replace": {
                "guzzle/batch": "self.version",
                "guzzle/cache": "self.version",
                "guzzle/common": "self.version",
                "guzzle/http": "self.version",
                "guzzle/inflection": "self.version",
                "guzzle/iterator": "self.version",
                "guzzle/log": "self.version",
                "guzzle/parser": "self.version",
                "guzzle/plugin": "self.version",
                "guzzle/plugin-async": "self.version",
                "guzzle/plugin-backoff": "self.version",
                "guzzle/plugin-cache": "self.version",
                "guzzle/plugin-cookie": "self.version",
                "guzzle/plugin-curlauth": "self.version",
                "guzzle/plugin-error-response": "self.version",
                "guzzle/plugin-history": "self.version",
                "guzzle/plugin-log": "self.version",
                "guzzle/plugin-md5": "self.version",
                "guzzle/plugin-mock": "self.version",
                "guzzle/plugin-oauth": "self.version",
                "guzzle/service": "self.version",
                "guzzle/stream": "self.version"
            },
            "require-dev": {
                "doctrine/cache": "*",
                "monolog/monolog": "1.*",
                "phpunit/phpunit": "3.7.*",
                "psr/log": "1.0.*",
                "symfony/class-loader": "*",
                "zendframework/zend-cache": "<2.3",
                "zendframework/zend-log": "<2.3"
            },
            "type": "library",
            "extra": {
                "branch-alias": {
                    "dev-master": "3.8-dev"
                }
            },
            "autoload": {
                "psr-0": {
                    "Guzzle": "src/",
                    "Guzzle\\Tests": "tests/"
                }
            },
            "notification-url": "https://packagist.org/downloads/",
            "license": [
                "MIT"
            ],
            "authors": [
                {
                    "name": "Michael Dowling",
                    "email": "mtdowling@gmail.com",
                    "homepage": "https://github.com/mtdowling"
                },
                {
                    "name": "Guzzle Community",
                    "homepage": "https://github.com/guzzle/guzzle/contributors"
                }
            ],
            "description": "Guzzle is a PHP HTTP client library and framework for building RESTful web service clients",
            "homepage": "http://guzzlephp.org/",
            "keywords": [
                "client",
                "curl",
                "framework",
                "http",
                "http client",
                "rest",
                "web service"
            ],
            "time": "2014-01-28 22:29:15"
        },
        {
            "name": "joomla/framework",
            "version": "1.1.0",
            "source": {
                "type": "git",
                "url": "https://github.com/joomla/joomla-framework.git",
                "reference": "f8a2343d3147f595d43e735b89b11c277520f141"
            },
            "dist": {
                "type": "zip",
                "url": "https://api.github.com/repos/joomla/joomla-framework/zipball/f8a2343d3147f595d43e735b89b11c277520f141",
                "reference": "f8a2343d3147f595d43e735b89b11c277520f141",
                "shasum": ""
            },
            "require": {
                "php": ">=5.3.10",
                "psr/log": "~1.0"
            },
            "replace": {
                "joomla/application": "self.version",
                "joomla/archive": "self.version",
                "joomla/cache": "self.version",
                "joomla/compat": "self.version",
                "joomla/controller": "self.version",
                "joomla/crypt": "self.version",
                "joomla/data": "self.version",
                "joomla/database": "self.version",
                "joomla/date": "self.version",
                "joomla/facebook": "self.version",
                "joomla/filesystem": "self.version",
                "joomla/filter": "self.version",
                "joomla/form": "self.version",
                "joomla/github": "self.version",
                "joomla/google": "self.version",
                "joomla/http": "self.version",
                "joomla/image": "self.version",
                "joomla/input": "self.version",
                "joomla/keychain": "self.version",
                "joomla/language": "self.version",
                "joomla/linkedin": "self.version",
                "joomla/log": "self.version",
                "joomla/model": "self.version",
                "joomla/oauth1": "self.version",
                "joomla/oauth2": "self.version",
                "joomla/profiler": "self.version",
                "joomla/registry": "self.version",
                "joomla/router": "self.version",
                "joomla/session": "self.version",
                "joomla/string": "self.version",
                "joomla/test": "self.version",
                "joomla/twitter": "self.version",
                "joomla/uri": "self.version",
                "joomla/utilities": "self.version",
                "joomla/view": "self.version"
            },
            "require-dev": {
                "symfony/yaml": "~2.0"
            },
            "suggest": {
                "symfony/yaml": "Install symfony/yaml 2.* if you require YAML support."
            },
            "type": "library",
            "autoload": {
                "psr-0": {
                    "Joomla": "src/",
                    "Psr": "vendor/psr/cache"
                },
                "classmap": [
                    "src/Joomla/Compat/JsonSerializable.php"
                ],
                "files": [
                    "src/Joomla/PHP/methods.php"
                ]
            },
            "notification-url": "https://packagist.org/downloads/",
            "license": [
                "GPL-2.0+"
            ],
            "description": "The Joomla Framework is a platform for writing Web and command line applications in PHP.",
            "homepage": "https://github.com/joomla/joomla-framework",
            "keywords": [
                "framework",
                "joomla"
            ],
            "time": "2014-02-08 18:43:22"
        },
        {
            "name": "leafo/lessphp",
            "version": "v0.4.0",
            "source": {
                "type": "git",
                "url": "https://github.com/leafo/lessphp.git",
                "reference": "51f3f06f0fe78a722dabfd14578444bdd078d9de"
            },
            "dist": {
                "type": "zip",
                "url": "https://api.github.com/repos/leafo/lessphp/zipball/51f3f06f0fe78a722dabfd14578444bdd078d9de",
                "reference": "51f3f06f0fe78a722dabfd14578444bdd078d9de",
                "shasum": ""
            },
            "type": "library",
            "extra": {
                "branch-alias": {
                    "dev-master": "0.3-dev"
                }
            },
            "autoload": {
                "classmap": [
                    "lessc.inc.php"
                ]
            },
            "notification-url": "https://packagist.org/downloads/",
            "license": [
                "MIT",
                "GPL-3.0"
            ],
            "authors": [
                {
                    "name": "Leaf Corcoran",
                    "email": "leafot@gmail.com",
                    "homepage": "http://leafo.net"
                }
            ],
            "description": "lessphp is a compiler for LESS written in PHP.",
            "homepage": "http://leafo.net/lessphp/",
            "time": "2013-08-09 17:09:19"
        },
        {
            "name": "mandrill/mandrill",
            "version": "dev-master",
            "source": {
                "type": "git",
                "url": "https://bitbucket.org/mailchimp/mandrill-api-php.git",
                "reference": "e1eda7352f24f87908e4fc2d63ca79255479cbb2"
            },
            "dist": {
                "type": "zip",
                "url": "https://bitbucket.org/mailchimp/mandrill-api-php/get/e1eda7352f24f87908e4fc2d63ca79255479cbb2.zip",
                "reference": "e1eda7352f24f87908e4fc2d63ca79255479cbb2",
                "shasum": ""
            },
            "require": {
                "php": ">=5.2.0"
            },
            "type": "library",
            "autoload": {
                "psr-0": {
                    "Mandrill": "src/"
                }
            },
            "notification-url": "https://packagist.org/downloads/",
            "license": [
                "Apache-2.0"
            ],
            "authors": [
                {
                    "name": "Mandrill Devs",
                    "email": "community@mandrill.com",
                    "homepage": "http://mandrill.com",
                    "role": "Developer"
                }
            ],
            "description": "API client library for the Mandrill email as a service platform",
            "homepage": "https://bitbucket.org/mailchimp/mandrill-api-php",
            "keywords": [
                "api",
                "email"
            ],
            "time": "2014-02-07 20:15:24"
        },
        {
            "name": "psr/log",
            "version": "1.0.0",
            "source": {
                "type": "git",
                "url": "https://github.com/php-fig/log.git",
                "reference": "fe0936ee26643249e916849d48e3a51d5f5e278b"
            },
            "dist": {
                "type": "zip",
                "url": "https://api.github.com/repos/php-fig/log/zipball/fe0936ee26643249e916849d48e3a51d5f5e278b",
                "reference": "fe0936ee26643249e916849d48e3a51d5f5e278b",
                "shasum": ""
            },
            "type": "library",
            "autoload": {
                "psr-0": {
                    "Psr\\Log\\": ""
                }
            },
            "notification-url": "https://packagist.org/downloads/",
            "license": [
                "MIT"
            ],
            "authors": [
                {
                    "name": "PHP-FIG",
                    "homepage": "http://www.php-fig.org/"
                }
            ],
            "description": "Common interface for logging libraries",
            "keywords": [
                "log",
                "psr",
                "psr-3"
            ],
            "time": "2012-12-21 11:40:51"
        },
        {
            "name": "pusher/pusher-php-server",
            "version": "dev-master",
            "source": {
                "type": "git",
                "url": "https://github.com/pusher/pusher-php-server.git",
                "reference": "b07349cccec5d3d5006641a1208044d7df0c6d20"
            },
            "dist": {
                "type": "zip",
                "url": "https://api.github.com/repos/pusher/pusher-php-server/zipball/b07349cccec5d3d5006641a1208044d7df0c6d20",
                "reference": "b07349cccec5d3d5006641a1208044d7df0c6d20",
                "shasum": ""
            },
            "require": {
                "ext-curl": "*",
                "php": ">=5.2"
            },
            "require-dev": {
                "phpunit/phpunit": "3.7.*"
            },
            "type": "library",
            "autoload": {
                "classmap": [
                    "lib/"
                ]
            },
            "notification-url": "https://packagist.org/downloads/",
            "license": [
                "MIT"
            ],
            "description": "Library for interacting with the Pusher REST API",
            "homepage": "https://github.com/pusher/pusher-php-server",
            "keywords": [
                "events",
                "php-pusher-server",
                "publish",
                "pusher",
                "realtime",
                "rest",
                "trigger"
            ],
            "time": "2013-12-23 16:41:52"
        },
        {
            "name": "symfony/event-dispatcher",
            "version": "v2.4.2",
            "target-dir": "Symfony/Component/EventDispatcher",
            "source": {
                "type": "git",
                "url": "https://github.com/symfony/EventDispatcher.git",
                "reference": "4708b8cd41984a5ba29fe7dd40716f7f761ac501"
            },
            "dist": {
                "type": "zip",
                "url": "https://api.github.com/repos/symfony/EventDispatcher/zipball/4708b8cd41984a5ba29fe7dd40716f7f761ac501",
                "reference": "4708b8cd41984a5ba29fe7dd40716f7f761ac501",
                "shasum": ""
            },
            "require": {
                "php": ">=5.3.3"
            },
            "require-dev": {
                "symfony/dependency-injection": "~2.0"
            },
            "suggest": {
                "symfony/dependency-injection": "",
                "symfony/http-kernel": ""
            },
            "type": "library",
            "extra": {
                "branch-alias": {
                    "dev-master": "2.4-dev"
                }
            },
            "autoload": {
                "psr-0": {
                    "Symfony\\Component\\EventDispatcher\\": ""
                }
            },
            "notification-url": "https://packagist.org/downloads/",
            "license": [
                "MIT"
            ],
            "authors": [
                {
                    "name": "Fabien Potencier",
                    "email": "fabien@symfony.com",
                    "homepage": "http://fabien.potencier.org",
                    "role": "Lead Developer"
                },
                {
                    "name": "Symfony Community",
                    "homepage": "http://symfony.com/contributors"
                }
            ],
            "description": "Symfony EventDispatcher Component",
            "homepage": "http://symfony.com",
            "time": "2014-02-11 13:52:09"
        },
        {
            "name": "twbs/bootstrap",
            "version": "v3.0.0",
            "source": {
                "type": "git",
                "url": "https://github.com/twbs/bootstrap.git",
                "reference": "e8a1df5f060bf7e6631554648e0abde150aedbe4"
            },
            "dist": {
                "type": "zip",
                "url": "https://api.github.com/repos/twbs/bootstrap/zipball/e8a1df5f060bf7e6631554648e0abde150aedbe4",
                "reference": "e8a1df5f060bf7e6631554648e0abde150aedbe4",
                "shasum": ""
            },
            "type": "library",
            "notification-url": "https://packagist.org/downloads/",
            "license": [
                "Apache-2.0"
            ],
            "authors": [
                {
                    "name": "sugeng tigefa",
                    "email": "tigefa@gmail.com"
                },
                {
                    "name": "Jacob Thornton",
                    "email": "jacobthornton@gmail.com"
                }
            ],
            "description": "Sleek, intuitive, and powerful mobile first front-end framework for faster and easier web development.",
            "homepage": "http://getbootstrap.com",
            "keywords": [
                "bootstrap",
                "css"
            ],
            "time": "2013-08-19 21:18:20"
        }
    ],
    "packages-dev": [

    ],
    "aliases": [

    ],
    "minimum-stability": "stable",
    "stability-flags": {
        "dioscouri/f3-lib": 20,
        "dioscouri/f3-admin": 20,
        "dioscouri/f3-assets": 20,
        "dioscouri/f3-blog": 20,
        "dioscouri/f3-users": 20,
        "dioscouri/f3-modules": 20,
        "dioscouri/f3-mailer": 20,
        "dioscouri/f3-minify": 20,
        "dioscouri/f3-activity": 20,
        "firephp/firephp-core": 20,
        "bcosca/fatfree": 20,
        "aws/aws-sdk-php": 20,
        "pusher/pusher-php-server": 20,
        "mandrill/mandrill": 20,
        "ddeboer/data-import": 0
    },
    "platform": [

    ],
    "platform-dev": [

    ]
}
