{
    "_readme": [
        "This file locks the dependencies of your project to a known state",
        "Read more about it at http://getcomposer.org/doc/01-basic-usage.md#composer-lock-the-lock-file"
    ],
    "hash": "991fcbe0718ce7eb5163923221373347",
    "packages": [
        {
            "name": "aws/aws-sdk-php",
            "version": "dev-master",
            "source": {
                "type": "git",
                "url": "https://github.com/aws/aws-sdk-php.git",
                "reference": "5ec2118777620a79e2125d2f1b020112362740d5"
            },
            "dist": {
                "type": "zip",
                "url": "https://api.github.com/repos/aws/aws-sdk-php/zipball/5ec2118777620a79e2125d2f1b020112362740d5",
                "reference": "5ec2118777620a79e2125d2f1b020112362740d5",
                "shasum": ""
            },
            "require": {
                "guzzle/guzzle": ">=3.7.0,<3.9.0",
                "php": ">=5.3.3"
            },
            "require-dev": {
                "doctrine/cache": "~1.0",
                "ext-openssl": "*",
                "monolog/monolog": "1.4.*",
                "phpunit/phpunit": "3.7.*",
                "symfony/class-loader": "2.*",
                "symfony/yaml": "2.*"
            },
            "suggest": {
                "doctrine/cache": "Adds support for caching of credentials and responses",
                "ext-apc": "Allows service description opcode caching, request and response caching, and credentials caching",
                "ext-openssl": "Allows working with CloudFront private distributions and verifying received SNS messages",
                "monolog/monolog": "Adds support for logging HTTP requests and responses",
                "symfony/yaml": "Eases the ability to write manifests for creating jobs in AWS Import/Export"
            },
            "type": "library",
            "extra": {
                "branch-alias": {
                    "dev-master": "2.6.x-dev"
                }
            },
            "autoload": {
                "psr-0": {
                    "Aws": "src/"
                }
            },
            "notification-url": "https://packagist.org/downloads/",
            "license": [
                "Apache-2.0"
            ],
            "authors": [
                {
                    "name": "Amazon Web Services",
                    "homepage": "http://aws.amazon.com"
                }
            ],
            "description": "AWS SDK for PHP - Use Amazon Web Services in your PHP project",
            "homepage": "http://aws.amazon.com/sdkforphp",
            "keywords": [
                "amazon",
                "aws",
                "cloud",
                "dynamodb",
                "ec2",
                "glacier",
                "s3",
                "sdk"
            ],
            "time": "2014-03-25 22:51:48"
        },
        {
            "name": "bcosca/fatfree",
            "version": "dev-master",
            "source": {
                "type": "git",
                "url": "https://github.com/bcosca/fatfree.git",
                "reference": "7c221c6dde27fd812af88d4bb614867911084e99"
            },
            "dist": {
                "type": "zip",
                "url": "https://api.github.com/repos/bcosca/fatfree/zipball/7c221c6dde27fd812af88d4bb614867911084e99",
                "reference": "7c221c6dde27fd812af88d4bb614867911084e99",
                "shasum": ""
            },
            "require": {
                "php": ">=5.3.0"
            },
            "type": "library",
            "notification-url": "https://packagist.org/downloads/",
            "license": [
                "GPL-3.0"
            ],
            "description": "A powerful yet easy-to-use PHP micro-framework designed to help you build dynamic and robust Web applications - fast!",
            "homepage": "http://fatfreeframework.com/",
            "time": "2014-03-19 08:39:11"
        },
        {
            "name": "ddeboer/data-import",
            "version": "0.12.1",
            "source": {
                "type": "git",
                "url": "https://github.com/ddeboer/data-import.git",
                "reference": "48d88bd387e5da282343df5dd15a6c58ed1cf075"
            },
            "dist": {
                "type": "zip",
                "url": "https://api.github.com/repos/ddeboer/data-import/zipball/48d88bd387e5da282343df5dd15a6c58ed1cf075",
                "reference": "48d88bd387e5da282343df5dd15a6c58ed1cf075",
                "shasum": ""
            },
            "require": {
                "php": ">=5.3.0"
            },
            "require-dev": {
                "doctrine/dbal": "*",
                "doctrine/orm": "*",
                "ext-iconv": "*",
                "ext-mbstring": "*",
                "ext-sqlite3": "*",
                "phpoffice/phpexcel": "*",
                "symfony/console": ">=2.2",
                "symfony/property-access": "*",
                "symfony/validator": "~2.3.0"
            },
            "suggest": {
                "doctrine/dbal": "If you want to use the DbalReader",
                "ext-iconv": "For the CharsetValueConverter",
                "ext-mbstring": "For the CharsetValueConverter",
                "phpoffice/phpexcel": "If you want to use the ExcelReader",
                "symfony/console": "If you want to use the ConsoleProgressWriter",
                "symfony/property-access": "If you want to use the ObjectConverter",
                "symfony/validator": "to use the ValidatorFilter"
            },
            "type": "library",
            "autoload": {
                "psr-0": {
                    "Ddeboer\\DataImport": "src"
                }
            },
            "notification-url": "https://packagist.org/downloads/",
            "license": [
                "MIT"
            ],
            "authors": [
                {
                    "name": "David de Boer",
                    "email": "david@ddeboer.nl",
                    "homepage": "https://github.com/ddeboer"
                },
                {
                    "name": "The community",
                    "homepage": "https://github.com/ddeboer/data-import/graphs/contributors"
                }
            ],
            "description": "Import data from, and export data to, a range of file formats and media",
            "keywords": [
                "csv",
                "data",
                "doctrine",
                "excel",
                "export",
                "import"
            ],
            "time": "2014-02-07 17:15:53"
        },
        {
            "name": "dg/twitter-php",
            "version": "v3.3",
            "source": {
                "type": "git",
                "url": "https://github.com/dg/twitter-php.git",
                "reference": "9836ec207ce85ad0b78172d54db3aafac82fb815"
            },
            "dist": {
                "type": "zip",
                "url": "https://api.github.com/repos/dg/twitter-php/zipball/9836ec207ce85ad0b78172d54db3aafac82fb815",
                "reference": "9836ec207ce85ad0b78172d54db3aafac82fb815",
                "shasum": ""
            },
            "type": "library",
            "autoload": {
                "classmap": [
                    "src/"
                ]
            },
            "notification-url": "https://packagist.org/downloads/",
            "license": [
                "BSD-3"
            ],
            "authors": [
                {
                    "name": "David Grudl",
                    "homepage": "http://davidgrudl.com"
                }
            ],
            "description": "Small and easy Twitter wrapper for PHP.",
            "homepage": "https://github.com/dg/twitter-php",
            "keywords": [
                "oauth",
                "twitter"
            ],
            "time": "2014-03-10 18:09:07"
        },
        {
            "name": "dioscouri/f3-activity",
            "version": "dev-master",
            "source": {
                "type": "git",
                "url": "git@github.com:dioscouri/f3-activity.git",
                "reference": "826b2db3266ce55369b4a9bb47017fecaa1f05ae"
            },
            "dist": {
                "type": "zip",
                "url": "http://satis-private.dioscouri.com/dist/dioscouri-f3-activity-dev-master-4a44cf.zip",
                "reference": "826b2db3266ce55369b4a9bb47017fecaa1f05ae",
                "shasum": "c5347277bde86b989bee1a6592a86664f03bb9ee"
            },
            "require": {
                "dioscouri/f3-admin": "dev-master",
                "dioscouri/f3-lib": "dev-master",
                "php": ">=5.4.0"
            },
            "type": "component",
            "autoload": {
                "psr-0": {
                    "Activity": "src/"
                }
            },
            "license": [
                "GPL"
            ],
            "authors": [
                {
                    "name": "Chris French",
                    "email": "chris@ammonitenetworks.com",
                    "homepage": "http://ammonitenetworks.com",
                    "role": "Developer"
                }
            ],
            "description": "Activity component for the F3-framework",
            "homepage": "https://github.com/dioscouri/f3-activity",
            "keywords": [
                "F3",
                "RAD",
                "Tracking"
            ],
            "time": "2014-02-11 02:18:01"
        },
        {
            "name": "dioscouri/f3-admin",
            "version": "dev-master",
            "source": {
                "type": "git",
                "url": "git@github.com:dioscouri/f3-admin.git",
                "reference": "ae10bdfc24b558c297ca3d197ac3c4047f781c6b"
            },
            "dist": {
                "type": "zip",
                "url": "http://satis-private.dioscouri.com/dist/dioscouri-f3-admin-dev-master-273c68.zip",
                "reference": "ae10bdfc24b558c297ca3d197ac3c4047f781c6b",
                "shasum": "3ab8172b69d0e601dced1ec22812eb724b07a979"
            },
            "require": {
                "dioscouri/f3-lib": "dev-master",
                "dioscouri/f3-users": "dev-master",
                "php": ">=5.4.0"
            },
            "type": "component",
            "autoload": {
                "psr-0": {
                    "Admin": "src/"
                }
            },
            "license": [
                "GPL"
            ],
            "authors": [
                {
                    "name": "Rafael Diaz-Tushman",
                    "email": "rdiaztushman@dioscouri.com",
                    "homepage": "http://dioscouri.com",
                    "role": "Developer"
                }
            ],
            "description": "Admin component for the F3-framework",
            "homepage": "https://github.com/dioscouri/f3-admin",
            "keywords": [
                "Admin",
                "CMS",
                "F3",
                "RAD"
            ],
            "time": "2014-03-24 17:36:07"
        },
        {
            "name": "dioscouri/f3-assets",
            "version": "dev-master",
            "source": {
                "type": "git",
                "url": "git@github.com:dioscouri/f3-assets.git",
                "reference": "45bcac12c8b1b6084740e6964ae3ebbd65a85457"
            },
            "dist": {
                "type": "zip",
                "url": "http://satis-private.dioscouri.com/dist/dioscouri-f3-assets-dev-master-ca86ff.zip",
                "reference": "45bcac12c8b1b6084740e6964ae3ebbd65a85457",
                "shasum": "e949f2017df1e4c9dc4d68dba42d504aeb6059b0"
            },
            "require": {
                "dioscouri/f3-admin": "dev-master",
                "dioscouri/f3-lib": "dev-master",
                "php": ">=5.4.0"
            },
            "type": "component",
            "autoload": {
                "psr-0": {
                    "Assets": "src/"
                }
            },
            "license": [
                "GPL"
            ],
            "authors": [
                {
                    "name": "Rafael Diaz-Tushman",
                    "email": "rdiaztushman@dioscouri.com",
                    "homepage": "http://dioscouri.com",
                    "role": "Developer"
                }
            ],
            "description": "Assets component for the F3-framework",
            "homepage": "https://github.com/dioscouri/f3-assets",
            "keywords": [
                "F3",
                "Media Asset Manager",
                "RAD"
            ],
            "time": "2014-03-20 18:17:49"
        },
        {
            "name": "dioscouri/f3-blog",
            "version": "dev-master",
            "source": {
                "type": "git",
                "url": "git@github.com:dioscouri/f3-blog.git",
                "reference": "f18e8f39647504e4ad3e67e6fbde9d9af1c76c38"
            },
            "dist": {
                "type": "zip",
                "url": "http://satis-private.dioscouri.com/dist/dioscouri-f3-blog-dev-master-b17df4.zip",
                "reference": "f18e8f39647504e4ad3e67e6fbde9d9af1c76c38",
                "shasum": "e9895752f0944dd5559ff8af789d90bce5200c31"
            },
            "require": {
                "dioscouri/f3-admin": "dev-master",
                "dioscouri/f3-lib": "dev-master",
                "php": ">=5.4.0"
            },
            "type": "component",
            "autoload": {
                "psr-0": {
                    "Blog": "src/"
                }
            },
            "license": [
                "GPL"
            ],
            "authors": [
                {
                    "name": "Rafael Diaz-Tushman",
                    "email": "rdiaztushman@dioscouri.com",
                    "homepage": "http://dioscouri.com",
                    "role": "Developer"
                }
            ],
            "description": "Blog component for the F3-framework",
            "homepage": "https://github.com/dioscouri/f3-blog",
            "keywords": [
                "Blog",
                "F3",
                "RAD"
            ],
            "time": "2014-03-20 18:07:32"
        },
        {
            "name": "dioscouri/f3-lib",
            "version": "dev-master",
            "source": {
                "type": "git",
                "url": "https://github.com/dioscouri/f3-lib.git",
                "reference": "9f1b7d41c1b87f141dc8d4d1118374d8d1da5a31"
            },
            "dist": {
                "type": "zip",
                "url": "https://api.github.com/repos/dioscouri/f3-lib/zipball/9f1b7d41c1b87f141dc8d4d1118374d8d1da5a31",
                "reference": "9f1b7d41c1b87f141dc8d4d1118374d8d1da5a31",
                "shasum": ""
            },
            "require": {
                "joomla/framework": ">=1.0",
                "php": ">=5.4.0"
            },
            "type": "library",
            "autoload": {
                "psr-0": {
                    "Dsc": "src/"
                }
            },
            "notification-url": "https://packagist.org/downloads/",
            "license": [
                "GPL"
            ],
            "authors": [
                {
                    "name": "Rafael Diaz-Tushman",
                    "email": "rdiaztushman@dioscouri.com",
                    "homepage": "http://dioscouri.com",
                    "role": "Developer"
                }
            ],
            "description": "Library for the F3-framework",
            "homepage": "https://github.com/dioscouri/f3-lib",
            "keywords": [
                "F3",
                "rad"
            ],
            "time": "2014-03-25 13:13:41"
        },
        {
            "name": "dioscouri/f3-mailer",
            "version": "dev-master",
            "source": {
                "type": "git",
                "url": "git@github.com:dioscouri/f3-mailer.git",
                "reference": "97d1cc0c92d8360beea5efb593b317bee397b5b5"
            },
            "dist": {
                "type": "zip",
                "url": "http://satis-private.dioscouri.com/dist/dioscouri-f3-mailer-dev-master-1c2671.zip",
                "reference": "97d1cc0c92d8360beea5efb593b317bee397b5b5",
                "shasum": "f33b68916651bfec95a87aaa05b298193f1c5602"
            },
            "require": {
                "dioscouri/f3-admin": "dev-master",
                "dioscouri/f3-lib": "dev-master",
                "mandrill/mandrill": "dev-master",
                "php": ">=5.4.0"
            },
            "type": "component",
            "autoload": {
                "psr-0": {
                    "Mailer": "src/"
                }
            },
            "license": [
                "GPL"
            ],
            "authors": [
                {
                    "name": "Chris French",
                    "email": "chris@ammonitenetworks.com",
                    "homepage": "http://ammonitenetworks.com",
                    "role": "Developer"
                },
                {
                    "name": "Rafael Diaz-Tushman",
                    "email": "rdiaztushman@dioscouri.com",
                    "homepage": "http://dioscouri.com",
                    "role": "Developer"
                }
            ],
            "description": "A Mandrill Mailer App for F3-framework",
            "homepage": "https://github.com/dioscouri/f3-mailer",
            "keywords": [
                "F3",
                "RAD",
                "email",
                "mandrill"
            ],
            "time": "2014-03-20 18:08:02"
        },
        {
            "name": "dioscouri/f3-minify",
            "version": "dev-master",
            "source": {
                "type": "git",
                "url": "git@github.com:dioscouri/f3-minify.git",
                "reference": "61cdc22a776fdadce6c2232a58b5b01d75517fc3"
            },
            "dist": {
                "type": "zip",
                "url": "http://satis-private.dioscouri.com/dist/dioscouri-f3-minify-dev-master-537d39.zip",
                "reference": "61cdc22a776fdadce6c2232a58b5b01d75517fc3",
                "shasum": "52523f182108fd645507ba1201b68d78a11ca490"
            },
            "require": {
                "dioscouri/f3-lib": "dev-master",
                "leafo/lessphp": ">=0.4.0",
                "php": ">=5.4.0"
            },
            "type": "component",
            "autoload": {
                "psr-0": {
                    "Minify": "src/"
                }
            },
            "license": [
                "GPL"
            ],
            "authors": [
                {
                    "name": "Rafael Diaz-Tushman",
                    "email": "rdiaztushman@dioscouri.com",
                    "homepage": "http://dioscouri.com",
                    "role": "Developer"
                }
            ],
            "description": "Front-end package manager for the F3-framework",
            "homepage": "https://github.com/dioscouri/f3-minify",
            "keywords": [
                "F3",
                "Package Manager",
                "RAD"
            ],
            "time": "2014-03-20 18:09:36"
        },
        {
            "name": "dioscouri/f3-modules",
            "version": "dev-master",
            "source": {
                "type": "git",
                "url": "git@github.com:dioscouri/f3-modules.git",
                "reference": "7f9de99034543f4d1c076781723e167cd47ebcd2"
            },
            "dist": {
                "type": "zip",
                "url": "http://satis-private.dioscouri.com/dist/dioscouri-f3-modules-dev-master-549ca1.zip",
                "reference": "7f9de99034543f4d1c076781723e167cd47ebcd2",
                "shasum": "65c64cb76db133951900d163f78a5c3549533732"
            },
            "require": {
                "dioscouri/f3-admin": "dev-master",
                "dioscouri/f3-lib": "dev-master",
                "php": ">=5.4.0"
            },
            "type": "component",
            "autoload": {
                "psr-0": {
                    "Modules": "src/"
                }
            },
            "license": [
                "GPL"
            ],
            "authors": [
                {
                    "name": "Rafael Diaz-Tushman",
                    "email": "rdiaztushman@dioscouri.com",
                    "homepage": "http://dioscouri.com",
                    "role": "Developer"
                }
            ],
            "description": "Modules component for the F3-framework",
            "homepage": "https://github.com/dioscouri/f3-modules",
            "keywords": [
                "F3",
                "Module Manager",
                "RAD"
            ],
            "time": "2014-03-20 18:10:34"
        },
        {
            "name": "dioscouri/f3-users",
            "version": "dev-master",
            "source": {
                "type": "git",
                "url": "git@github.com:dioscouri/f3-users.git",
                "reference": "73b61c024ecfee0fdd1ab27b70715bfdeed4d4c5"
            },
            "dist": {
                "type": "zip",
                "url": "http://satis-private.dioscouri.com/dist/dioscouri-f3-users-dev-master-7d4728.zip",
                "reference": "73b61c024ecfee0fdd1ab27b70715bfdeed4d4c5",
                "shasum": "fa92bb628e1ceffc58a6763f8074c04c8e624718"
            },
            "require": {
                "dioscouri/f3-admin": "dev-master",
                "dioscouri/f3-lib": "dev-master",
                "php": ">=5.4.0"
            },
            "type": "component",
            "autoload": {
                "psr-0": {
                    "Users": "src/"
                }
            },
            "license": [
                "GPL"
            ],
            "authors": [
                {
                    "name": "Rafael Diaz-Tushman",
                    "email": "rdiaztushman@dioscouri.com",
                    "homepage": "http://dioscouri.com",
                    "role": "Developer"
                }
            ],
            "description": "Simple User component for the F3-framework",
            "homepage": "https://github.com/dioscouri/f3-users",
            "keywords": [
                "F3",
                "RAD",
                "User Management"
            ],
            "time": "2014-03-24 19:12:01"
        },
        {
            "name": "firephp/firephp-core",
            "version": "dev-master",
            "source": {
                "type": "git",
                "url": "https://github.com/firephp/firephp-core.git",
                "reference": "bb0af2a62facaa07c08ed8ff9213f2966f32457b"
            },
            "dist": {
                "type": "zip",
                "url": "https://api.github.com/repos/firephp/firephp-core/zipball/bb0af2a62facaa07c08ed8ff9213f2966f32457b",
                "reference": "bb0af2a62facaa07c08ed8ff9213f2966f32457b",
                "shasum": ""
            },
            "type": "library",
            "autoload": {
                "classmap": [
                    "lib/FirePHPCore/FirePHP.class.php",
                    "lib/FirePHPCore/fb.php"
                ],
                "files": [
                    "lib/FirePHPCore/fb.php"
                ]
            },
            "notification-url": "https://packagist.org/downloads/",
            "license": [
                "MIT"
            ],
            "authors": [
                {
                    "name": "Christoph Dorn",
                    "email": "christoph@christophdorn.com",
                    "homepage": "http://christophdorn.com"
                }
            ],
            "description": "Traditional FirePHPCore library for sending PHP variables to the browser.",
            "homepage": "https://github.com/firephp/firephp-core",
            "time": "2014-02-26 18:33:14"
        },
        {
            "name": "guzzle/guzzle",
            "version": "v3.8.1",
            "source": {
                "type": "git",
                "url": "https://github.com/guzzle/guzzle.git",
                "reference": "4de0618a01b34aa1c8c33a3f13f396dcd3882eba"
            },
            "dist": {
                "type": "zip",
                "url": "https://api.github.com/repos/guzzle/guzzle/zipball/4de0618a01b34aa1c8c33a3f13f396dcd3882eba",
                "reference": "4de0618a01b34aa1c8c33a3f13f396dcd3882eba",
                "shasum": ""
            },
            "require": {
                "ext-curl": "*",
                "php": ">=5.3.3",
                "symfony/event-dispatcher": ">=2.1"
            },
            "replace": {
                "guzzle/batch": "self.version",
                "guzzle/cache": "self.version",
                "guzzle/common": "self.version",
                "guzzle/http": "self.version",
                "guzzle/inflection": "self.version",
                "guzzle/iterator": "self.version",
                "guzzle/log": "self.version",
                "guzzle/parser": "self.version",
                "guzzle/plugin": "self.version",
                "guzzle/plugin-async": "self.version",
                "guzzle/plugin-backoff": "self.version",
                "guzzle/plugin-cache": "self.version",
                "guzzle/plugin-cookie": "self.version",
                "guzzle/plugin-curlauth": "self.version",
                "guzzle/plugin-error-response": "self.version",
                "guzzle/plugin-history": "self.version",
                "guzzle/plugin-log": "self.version",
                "guzzle/plugin-md5": "self.version",
                "guzzle/plugin-mock": "self.version",
                "guzzle/plugin-oauth": "self.version",
                "guzzle/service": "self.version",
                "guzzle/stream": "self.version"
            },
            "require-dev": {
                "doctrine/cache": "*",
                "monolog/monolog": "1.*",
                "phpunit/phpunit": "3.7.*",
                "psr/log": "1.0.*",
                "symfony/class-loader": "*",
                "zendframework/zend-cache": "<2.3",
                "zendframework/zend-log": "<2.3"
            },
            "type": "library",
            "extra": {
                "branch-alias": {
                    "dev-master": "3.8-dev"
                }
            },
            "autoload": {
                "psr-0": {
                    "Guzzle": "src/",
                    "Guzzle\\Tests": "tests/"
                }
            },
            "notification-url": "https://packagist.org/downloads/",
            "license": [
                "MIT"
            ],
            "authors": [
                {
                    "name": "Michael Dowling",
                    "email": "mtdowling@gmail.com",
                    "homepage": "https://github.com/mtdowling"
                },
                {
                    "name": "Guzzle Community",
                    "homepage": "https://github.com/guzzle/guzzle/contributors"
                }
            ],
            "description": "Guzzle is a PHP HTTP client library and framework for building RESTful web service clients",
            "homepage": "http://guzzlephp.org/",
            "keywords": [
                "client",
                "curl",
                "framework",
                "http",
                "http client",
                "rest",
                "web service"
            ],
            "time": "2014-01-28 22:29:15"
        },
        {
            "name": "hybridauth/hybridauth",
            "version": "dev-master",
            "source": {
                "type": "git",
                "url": "https://github.com/hybridauth/hybridauth.git",
                "reference": "be0b6983fe561044808612b6b264745141fade25"
            },
            "dist": {
                "type": "zip",
                "url": "https://api.github.com/repos/hybridauth/hybridauth/zipball/be0b6983fe561044808612b6b264745141fade25",
                "reference": "be0b6983fe561044808612b6b264745141fade25",
                "shasum": ""
            },
            "require": {
                "ext-curl": "*",
                "php": ">=5.2.0"
            },
            "type": "library",
            "autoload": {
                "psr-0": {
                    "Hybrid": "hybridauth/"
                }
            },
            "notification-url": "https://packagist.org/downloads/",
            "license": [
                "(MIT or GPL-3.0+)"
            ],
            "authors": [
                {
                    "name": "Miled",
                    "email": "hybridauth@gmail.com"
                }
            ],
            "description": "Open source social sign on PHP library.",
            "homepage": "http://hybridauth.sourceforge.net",
            "keywords": [
                "OpenId",
                "facebook",
                "google",
                "hybridauth",
                "login",
                "oauth",
                "social",
                "twitter",
                "yahoo"
            ],
            "time": "2014-03-26 00:24:11"
        },
        {
            "name": "joomla/framework",
            "version": "1.1.0",
            "source": {
                "type": "git",
                "url": "https://github.com/joomla/joomla-framework.git",
                "reference": "f8a2343d3147f595d43e735b89b11c277520f141"
            },
            "dist": {
                "type": "zip",
                "url": "https://api.github.com/repos/joomla/joomla-framework/zipball/f8a2343d3147f595d43e735b89b11c277520f141",
                "reference": "f8a2343d3147f595d43e735b89b11c277520f141",
                "shasum": ""
            },
            "require": {
                "php": ">=5.3.10",
                "psr/log": "~1.0"
            },
            "replace": {
                "joomla/application": "self.version",
                "joomla/archive": "self.version",
                "joomla/cache": "self.version",
                "joomla/compat": "self.version",
                "joomla/controller": "self.version",
                "joomla/crypt": "self.version",
                "joomla/data": "self.version",
                "joomla/database": "self.version",
                "joomla/date": "self.version",
                "joomla/facebook": "self.version",
                "joomla/filesystem": "self.version",
                "joomla/filter": "self.version",
                "joomla/form": "self.version",
                "joomla/github": "self.version",
                "joomla/google": "self.version",
                "joomla/http": "self.version",
                "joomla/image": "self.version",
                "joomla/input": "self.version",
                "joomla/keychain": "self.version",
                "joomla/language": "self.version",
                "joomla/linkedin": "self.version",
                "joomla/log": "self.version",
                "joomla/model": "self.version",
                "joomla/oauth1": "self.version",
                "joomla/oauth2": "self.version",
                "joomla/profiler": "self.version",
                "joomla/registry": "self.version",
                "joomla/router": "self.version",
                "joomla/session": "self.version",
                "joomla/string": "self.version",
                "joomla/test": "self.version",
                "joomla/twitter": "self.version",
                "joomla/uri": "self.version",
                "joomla/utilities": "self.version",
                "joomla/view": "self.version"
            },
            "require-dev": {
                "symfony/yaml": "~2.0"
            },
            "suggest": {
                "symfony/yaml": "Install symfony/yaml 2.* if you require YAML support."
            },
            "type": "library",
            "autoload": {
                "psr-0": {
                    "Joomla": "src/",
                    "Psr": "vendor/psr/cache"
                },
                "classmap": [
                    "src/Joomla/Compat/JsonSerializable.php"
                ],
                "files": [
                    "src/Joomla/PHP/methods.php"
                ]
            },
            "notification-url": "https://packagist.org/downloads/",
            "license": [
                "GPL-2.0+"
            ],
            "description": "The Joomla Framework is a platform for writing Web and command line applications in PHP.",
            "homepage": "https://github.com/joomla/joomla-framework",
            "keywords": [
                "framework",
                "joomla"
            ],
            "time": "2014-02-08 18:43:22"
        },
        {
            "name": "leafo/lessphp",
            "version": "v0.4.0",
            "source": {
                "type": "git",
                "url": "https://github.com/leafo/lessphp.git",
                "reference": "51f3f06f0fe78a722dabfd14578444bdd078d9de"
            },
            "dist": {
                "type": "zip",
                "url": "https://api.github.com/repos/leafo/lessphp/zipball/51f3f06f0fe78a722dabfd14578444bdd078d9de",
                "reference": "51f3f06f0fe78a722dabfd14578444bdd078d9de",
                "shasum": ""
            },
            "type": "library",
            "extra": {
                "branch-alias": {
                    "dev-master": "0.3-dev"
                }
            },
            "autoload": {
                "classmap": [
                    "lessc.inc.php"
                ]
            },
            "notification-url": "https://packagist.org/downloads/",
            "license": [
                "MIT",
                "GPL-3.0"
            ],
            "authors": [
                {
                    "name": "Leaf Corcoran",
                    "email": "leafot@gmail.com",
                    "homepage": "http://leafo.net"
                }
            ],
            "description": "lessphp is a compiler for LESS written in PHP.",
            "homepage": "http://leafo.net/lessphp/",
            "time": "2013-08-09 17:09:19"
        },
        {
            "name": "mandrill/mandrill",
            "version": "dev-master",
            "source": {
                "type": "git",
                "url": "https://bitbucket.org/mailchimp/mandrill-api-php.git",
                "reference": "e1eda7352f24f87908e4fc2d63ca79255479cbb2"
            },
            "dist": {
                "type": "zip",
                "url": "https://bitbucket.org/mailchimp/mandrill-api-php/get/e1eda7352f24f87908e4fc2d63ca79255479cbb2.zip",
                "reference": "e1eda7352f24f87908e4fc2d63ca79255479cbb2",
                "shasum": ""
            },
            "require": {
                "php": ">=5.2.0"
            },
            "type": "library",
            "autoload": {
                "psr-0": {
                    "Mandrill": "src/"
                }
            },
            "notification-url": "https://packagist.org/downloads/",
            "license": [
                "Apache-2.0"
            ],
            "authors": [
                {
                    "name": "Mandrill Devs",
                    "email": "community@mandrill.com",
                    "homepage": "http://mandrill.com",
                    "role": "Developer"
                }
            ],
            "description": "API client library for the Mandrill email as a service platform",
            "homepage": "https://bitbucket.org/mailchimp/mandrill-api-php",
            "keywords": [
                "api",
                "email"
            ],
            "time": "2014-02-07 20:15:24"
        },
        {
            "name": "psr/log",
            "version": "1.0.0",
            "source": {
                "type": "git",
                "url": "https://github.com/php-fig/log.git",
                "reference": "fe0936ee26643249e916849d48e3a51d5f5e278b"
            },
            "dist": {
                "type": "zip",
                "url": "https://api.github.com/repos/php-fig/log/zipball/fe0936ee26643249e916849d48e3a51d5f5e278b",
                "reference": "fe0936ee26643249e916849d48e3a51d5f5e278b",
                "shasum": ""
            },
            "type": "library",
            "autoload": {
                "psr-0": {
                    "Psr\\Log\\": ""
                }
            },
            "notification-url": "https://packagist.org/downloads/",
            "license": [
                "MIT"
            ],
            "authors": [
                {
                    "name": "PHP-FIG",
                    "homepage": "http://www.php-fig.org/"
                }
            ],
            "description": "Common interface for logging libraries",
            "keywords": [
                "log",
                "psr",
                "psr-3"
            ],
            "time": "2012-12-21 11:40:51"
        },
        {
            "name": "pusher/pusher-php-server",
            "version": "dev-master",
            "source": {
                "type": "git",
                "url": "https://github.com/pusher/pusher-php-server.git",
                "reference": "b07349cccec5d3d5006641a1208044d7df0c6d20"
            },
            "dist": {
                "type": "zip",
                "url": "https://api.github.com/repos/pusher/pusher-php-server/zipball/b07349cccec5d3d5006641a1208044d7df0c6d20",
                "reference": "b07349cccec5d3d5006641a1208044d7df0c6d20",
                "shasum": ""
            },
            "require": {
                "ext-curl": "*",
                "php": ">=5.2"
            },
            "require-dev": {
                "phpunit/phpunit": "3.7.*"
            },
            "type": "library",
            "autoload": {
                "classmap": [
                    "lib/"
                ]
            },
            "notification-url": "https://packagist.org/downloads/",
            "license": [
                "MIT"
            ],
            "description": "Library for interacting with the Pusher REST API",
            "homepage": "https://github.com/pusher/pusher-php-server",
            "keywords": [
                "events",
                "php-pusher-server",
                "publish",
                "pusher",
                "realtime",
                "rest",
                "trigger"
            ],
            "time": "2013-12-23 16:41:52"
        },
        {
            "name": "symfony/event-dispatcher",
            "version": "v2.4.2",
            "target-dir": "Symfony/Component/EventDispatcher",
            "source": {
                "type": "git",
                "url": "https://github.com/symfony/EventDispatcher.git",
                "reference": "4708b8cd41984a5ba29fe7dd40716f7f761ac501"
            },
            "dist": {
                "type": "zip",
                "url": "https://api.github.com/repos/symfony/EventDispatcher/zipball/4708b8cd41984a5ba29fe7dd40716f7f761ac501",
                "reference": "4708b8cd41984a5ba29fe7dd40716f7f761ac501",
                "shasum": ""
            },
            "require": {
                "php": ">=5.3.3"
            },
            "require-dev": {
                "symfony/dependency-injection": "~2.0"
            },
            "suggest": {
                "symfony/dependency-injection": "",
                "symfony/http-kernel": ""
            },
            "type": "library",
            "extra": {
                "branch-alias": {
                    "dev-master": "2.4-dev"
                }
            },
            "autoload": {
                "psr-0": {
                    "Symfony\\Component\\EventDispatcher\\": ""
                }
            },
            "notification-url": "https://packagist.org/downloads/",
            "license": [
                "MIT"
            ],
            "authors": [
                {
                    "name": "Fabien Potencier",
                    "email": "fabien@symfony.com",
                    "homepage": "http://fabien.potencier.org",
                    "role": "Lead Developer"
                },
                {
                    "name": "Symfony Community",
                    "homepage": "http://symfony.com/contributors"
                }
            ],
            "description": "Symfony EventDispatcher Component",
            "homepage": "http://symfony.com",
            "time": "2014-02-11 13:52:09"
        },
        {
            "name": "twbs/bootstrap",
            "version": "v3.0.0",
            "source": {
                "type": "git",
                "url": "https://github.com/twbs/bootstrap.git",
                "reference": "e8a1df5f060bf7e6631554648e0abde150aedbe4"
            },
            "dist": {
                "type": "zip",
                "url": "https://api.github.com/repos/twbs/bootstrap/zipball/e8a1df5f060bf7e6631554648e0abde150aedbe4",
                "reference": "e8a1df5f060bf7e6631554648e0abde150aedbe4",
                "shasum": ""
            },
            "type": "library",
            "notification-url": "https://packagist.org/downloads/",
            "license": [
                "Apache-2.0"
            ],
            "authors": [
                {
                    "name": "sugeng tigefa",
                    "email": "tigefa@gmail.com"
                },
                {
                    "name": "Jacob Thornton",
                    "email": "jacobthornton@gmail.com"
                }
            ],
            "description": "Sleek, intuitive, and powerful mobile first front-end framework for faster and easier web development.",
            "homepage": "http://getbootstrap.com",
            "keywords": [
                "bootstrap",
                "css"
            ],
            "time": "2013-08-19 21:18:20"
        }
    ],
    "packages-dev": [

    ],
    "aliases": [

    ],
    "minimum-stability": "stable",
    "stability-flags": {
        "dioscouri/f3-lib": 20,
        "dioscouri/f3-admin": 20,
        "dioscouri/f3-assets": 20,
        "dioscouri/f3-blog": 20,
        "dioscouri/f3-users": 20,
        "dioscouri/f3-modules": 20,
        "dioscouri/f3-mailer": 20,
        "dioscouri/f3-minify": 20,
        "dioscouri/f3-activity": 20,
        "firephp/firephp-core": 20,
        "bcosca/fatfree": 20,
        "aws/aws-sdk-php": 20,
        "pusher/pusher-php-server": 20,
        "mandrill/mandrill": 20,
        "ddeboer/data-import": 0,
        "hybridauth/hybridauth": 20,
        "dg/twitter-php": 0
    },
    "platform": [

    ],
    "platform-dev": [

    ]
}
